// !$*UTF8*$!
{
	archiveVersion = 1;
	classes = {
	};
	objectVersion = 46;
	objects = {

/* Begin PBXBuildFile section */
		848C9F631F38D3790096B582 /* AppDelegate.swift in Sources */ = {isa = PBXBuildFile; fileRef = 848C9F621F38D3790096B582 /* AppDelegate.swift */; };
		848C9F651F38D3790096B582 /* Tela1ViewController.swift in Sources */ = {isa = PBXBuildFile; fileRef = 848C9F641F38D3790096B582 /* Tela1ViewController.swift */; };
		848C9F681F38D3790096B582 /* Main.storyboard in Resources */ = {isa = PBXBuildFile; fileRef = 848C9F661F38D3790096B582 /* Main.storyboard */; };
		848C9F6A1F38D3790096B582 /* Assets.xcassets in Resources */ = {isa = PBXBuildFile; fileRef = 848C9F691F38D3790096B582 /* Assets.xcassets */; };
		848C9F6D1F38D3790096B582 /* LaunchScreen.storyboard in Resources */ = {isa = PBXBuildFile; fileRef = 848C9F6B1F38D3790096B582 /* LaunchScreen.storyboard */; };
		848C9F751F38D5B00096B582 /* Tela2ViewController.swift in Sources */ = {isa = PBXBuildFile; fileRef = 848C9F741F38D5B00096B582 /* Tela2ViewController.swift */; };
/* End PBXBuildFile section */

/* Begin PBXFileReference section */
		848C9F5F1F38D3790096B582 /* Janela.app */ = {isa = PBXFileReference; explicitFileType = wrapper.application; includeInIndex = 0; path = Janela.app; sourceTree = BUILT_PRODUCTS_DIR; };
		848C9F621F38D3790096B582 /* AppDelegate.swift */ = {isa = PBXFileReference; lastKnownFileType = sourcecode.swift; path = AppDelegate.swift; sourceTree = "<group>"; };
		848C9F641F38D3790096B582 /* Tela1ViewController.swift */ = {isa = PBXFileReference; lastKnownFileType = sourcecode.swift; path = Tela1ViewController.swift; sourceTree = "<group>"; };
		848C9F671F38D3790096B582 /* Base */ = {isa = PBXFileReference; lastKnownFileType = file.storyboard; name = Base; path = Base.lproj/Main.storyboard; sourceTree = "<group>"; };
		848C9F691F38D3790096B582 /* Assets.xcassets */ = {isa = PBXFileReference; lastKnownFileType = folder.assetcatalog; path = Assets.xcassets; sourceTree = "<group>"; };
		848C9F6C1F38D3790096B582 /* Base */ = {isa = PBXFileReference; lastKnownFileType = file.storyboard; name = Base; path = Base.lproj/LaunchScreen.storyboard; sourceTree = "<group>"; };
		848C9F6E1F38D3790096B582 /* Info.plist */ = {isa = PBXFileReference; lastKnownFileType = text.plist.xml; path = Info.plist; sourceTree = "<group>"; };
		848C9F741F38D5B00096B582 /* Tela2ViewController.swift */ = {isa = PBXFileReference; fileEncoding = 4; lastKnownFileType = sourcecode.swift; path = Tela2ViewController.swift; sourceTree = "<group>"; };
/* End PBXFileReference section */

/* Begin PBXFrameworksBuildPhase section */
		848C9F5C1F38D3780096B582 /* Frameworks */ = {
			isa = PBXFrameworksBuildPhase;
			buildActionMask = 2147483647;
			files = (
			);
			runOnlyForDeploymentPostprocessing = 0;
		};
/* End PBXFrameworksBuildPhase section */

/* Begin PBXGroup section */
		848C9F561F38D3780096B582 = {
			isa = PBXGroup;
			children = (
				848C9F611F38D3790096B582 /* Janela */,
				848C9F601F38D3790096B582 /* Products */,
			);
			sourceTree = "<group>";
		};
		848C9F601F38D3790096B582 /* Products */ = {
			isa = PBXGroup;
			children = (
				848C9F5F1F38D3790096B582 /* Janela.app */,
			);
			name = Products;
			sourceTree = "<group>";
		};
		848C9F611F38D3790096B582 /* Janela */ = {
			isa = PBXGroup;
			children = (
				848C9F621F38D3790096B582 /* AppDelegate.swift */,
				848C9F641F38D3790096B582 /* Tela1ViewController.swift */,
				848C9F661F38D3790096B582 /* Main.storyboard */,
				848C9F691F38D3790096B582 /* Assets.xcassets */,
				848C9F6B1F38D3790096B582 /* LaunchScreen.storyboard */,
				848C9F6E1F38D3790096B582 /* Info.plist */,
				848C9F741F38D5B00096B582 /* Tela2ViewController.swift */,
			);
			path = Janela;
			sourceTree = "<group>";
		};
/* End PBXGroup section */

/* Begin PBXNativeTarget section */
		848C9F5E1F38D3780096B582 /* Janela */ = {
			isa = PBXNativeTarget;
			buildConfigurationList = 848C9F711F38D3790096B582 /* Build configuration list for PBXNativeTarget "Janela" */;
			buildPhases = (
				848C9F5B1F38D3780096B582 /* Sources */,
				848C9F5C1F38D3780096B582 /* Frameworks */,
				848C9F5D1F38D3780096B582 /* Resources */,
			);
			buildRules = (
			);
			dependencies = (
			);
			name = Janela;
			productName = Janela;
			productReference = 848C9F5F1F38D3790096B582 /* Janela.app */;
			productType = "com.apple.product-type.application";
		};
/* End PBXNativeTarget section */

/* Begin PBXProject section */
		848C9F571F38D3780096B582 /* Project object */ = {
			isa = PBXProject;
			attributes = {
				LastSwiftUpdateCheck = 0820;
				LastUpgradeCheck = 0820;
				ORGANIZATIONNAME = admin;
				TargetAttributes = {
					848C9F5E1F38D3780096B582 = {
						CreatedOnToolsVersion = 8.2.1;
						ProvisioningStyle = Automatic;
					};
				};
			};
			buildConfigurationList = 848C9F5A1F38D3780096B582 /* Build configuration list for PBXProject "Janela" */;
			compatibilityVersion = "Xcode 3.2";
			developmentRegion = English;
			hasScannedForEncodings = 0;
			knownRegions = (
				en,
				Base,
			);
			mainGroup = 848C9F561F38D3780096B582;
			productRefGroup = 848C9F601F38D3790096B582 /* Products */;
			projectDirPath = "";
			projectRoot = "";
			targets = (
				848C9F5E1F38D3780096B582 /* Janela */,
			);
		};
/* End PBXProject section */

/* Begin PBXResourcesBuildPhase section */
		848C9F5D1F38D3780096B582 /* Resources */ = {
			isa = PBXResourcesBuildPhase;
			buildActionMask = 2147483647;
			files = (
				848C9F6D1F38D3790096B582 /* LaunchScreen.storyboard in Resources */,
				848C9F6A1F38D3790096B582 /* Assets.xcassets in Resources */,
				848C9F681F38D3790096B582 /* Main.storyboard in Resources */,
			);
			runOnlyForDeploymentPostprocessing = 0;
		};
/* End PBXResourcesBuildPhase section */

/* Begin PBXSourcesBuildPhase section */
		848C9F5B1F38D3780096B582 /* Sources */ = {
			isa = PBXSourcesBuildPhase;
			buildActionMask = 2147483647;
			files = (
				848C9F651F38D3790096B582 /* Tela1ViewController.swift in Sources */,
				848C9F631F38D3790096B582 /* AppDelegate.swift in Sources */,
				848C9F751F38D5B00096B582 /* Tela2ViewController.swift in Sources */,
			);
			runOnlyForDeploymentPostprocessing = 0;
		};
/* End PBXSourcesBuildPhase section */

/* Begin PBXVariantGroup section */
		848C9F661F38D3790096B582 /* Main.storyboard */ = {
			isa = PBXVariantGroup;
			children = (
				848C9F671F38D3790096B582 /* Base */,
			);
			name = Main.storyboard;
			sourceTree = "<group>";
		};
		848C9F6B1F38D3790096B582 /* LaunchScreen.storyboard */ = {
			isa = PBXVariantGroup;
			children = (
				848C9F6C1F38D3790096B582 /* Base */,
			);
			name = LaunchScreen.storyboard;
			sourceTree = "<group>";
		};
/* End PBXVariantGroup section */

/* Begin XCBuildConfiguration section */
		848C9F6F1F38D3790096B582 /* Debug */ = {
			isa = XCBuildConfiguration;
			buildSettings = {
				ALWAYS_SEARCH_USER_PATHS = NO;
				CLANG_ANALYZER_NONNULL = YES;
				CLANG_CXX_LANGUAGE_STANDARD = "gnu++0x";
				CLANG_CXX_LIBRARY = "libc++";
				CLANG_ENABLE_MODULES = YES;
				CLANG_ENABLE_OBJC_ARC = YES;
				CLANG_WARN_BOOL_CONVERSION = YES;
				CLANG_WARN_CONSTANT_CONVERSION = YES;
				CLANG_WARN_DIRECT_OBJC_ISA_USAGE = YES_ERROR;
				CLANG_WARN_DOCUMENTATION_COMMENTS = YES;
				CLANG_WARN_EMPTY_BODY = YES;
				CLANG_WARN_ENUM_CONVERSION = YES;
				CLANG_WARN_INFINITE_RECURSION = YES;
				CLANG_WARN_INT_CONVERSION = YES;
				CLANG_WARN_OBJC_ROOT_CLASS = YES_ERROR;
				CLANG_WARN_SUSPICIOUS_MOVE = YES;
				CLANG_WARN_UNREACHABLE_CODE = YES;
				CLANG_WARN__DUPLICATE_METHOD_MATCH = YES;
				"CODE_SIGN_IDENTITY[sdk=iphoneos*]" = "iPhone Developer";
				COPY_PHASE_STRIP = NO;
				DEBUG_INFORMATION_FORMAT = dwarf;
				ENABLE_STRICT_OBJC_MSGSEND = YES;
				ENABLE_TESTABILITY = YES;
				GCC_C_LANGUAGE_STANDARD = gnu99;
				GCC_DYNAMIC_NO_PIC = NO;
				GCC_NO_COMMON_BLOCKS = YES;
				GCC_OPTIMIZATION_LEVEL = 0;
				GCC_PREPROCESSOR_DEFINITIONS = (
					"DEBUG=1",
					"$(inherited)",
				);
				GCC_WARN_64_TO_32_BIT_CONVERSION = YES;
				GCC_WARN_ABOUT_RETURN_TYPE = YES_ERROR;
				GCC_WARN_UNDECLARED_SELECTOR = YES;
				GCC_WARN_UNINITIALIZED_AUTOS = YES_AGGRESSIVE;
				GCC_WARN_UNUSED_FUNCTION = YES;
				GCC_WARN_UNUSED_VARIABLE = YES;
				IPHONEOS_DEPLOYMENT_TARGET = 10.2;
				MTL_ENABLE_DEBUG_INFO = YES;
				ONLY_ACTIVE_ARCH = YES;
				SDKROOT = iphoneos;
				SWIFT_ACTIVE_COMPILATION_CONDITIONS = DEBUG;
				SWIFT_OPTIMIZATION_LEVEL = "-Onone";
			};
			name = Debug;
		};
		848C9F701F38D3790096B582 /* Release */ = {
			isa = XCBuildConfiguration;
			buildSettings = {
				ALWAYS_SEARCH_USER_PATHS = NO;
				CLANG_ANALYZER_NONNULL = YES;
				CLANG_CXX_LANGUAGE_STANDARD = "gnu++0x";
				CLANG_CXX_LIBRARY = "libc++";
				CLANG_ENABLE_MODULES = YES;
				CLANG_ENABLE_OBJC_ARC = YES;
				CLANG_WARN_BOOL_CONVERSION = YES;
				CLANG_WARN_CONSTANT_CONVERSION = YES;
				CLANG_WARN_DIRECT_OBJC_ISA_USAGE = YES_ERROR;
				CLANG_WARN_DOCUMENTATION_COMMENTS = YES;
				CLANG_WARN_EMPTY_BODY = YES;
				CLANG_WARN_ENUM_CONVERSION = YES;
				CLANG_WARN_INFINITE_RECURSION = YES;
				CLANG_WARN_INT_CONVERSION = YES;
				CLANG_WARN_OBJC_ROOT_CLASS = YES_ERROR;
				CLANG_WARN_SUSPICIOUS_MOVE = YES;
				CLANG_WARN_UNREACHABLE_CODE = YES;
				CLANG_WARN__DUPLICATE_METHOD_MATCH = YES;
				"CODE_SIGN_IDENTITY[sdk=iphoneos*]" = "iPhone Developer";
				COPY_PHASE_STRIP = NO;
				DEBUG_INFORMATION_FORMAT = "dwarf-with-dsym";
				ENABLE_NS_ASSERTIONS = NO;
				ENABLE_STRICT_OBJC_MSGSEND = YES;
				GCC_C_LANGUAGE_STANDARD = gnu99;
				GCC_NO_COMMON_BLOCKS = YES;
				GCC_WARN_64_TO_32_BIT_CONVERSION = YES;
				GCC_WARN_ABOUT_RETURN_TYPE = YES_ERROR;
				GCC_WARN_UNDECLARED_SELECTOR = YES;
				GCC_WARN_UNINITIALIZED_AUTOS = YES_AGGRESSIVE;
				GCC_WARN_UNUSED_FUNCTION = YES;
				GCC_WARN_UNUSED_VARIABLE = YES;
				IPHONEOS_DEPLOYMENT_TARGET = 10.2;
				MTL_ENABLE_DEBUG_INFO = NO;
				SDKROOT = iphoneos;
				SWIFT_OPTIMIZATION_LEVEL = "-Owholemodule";
				VALIDATE_PRODUCT = YES;
			};
			name = Release;
		};
		848C9F721F38D3790096B582 /* Debug */ = {
			isa = XCBuildConfiguration;
			buildSettings = {
				ASSETCATALOG_COMPILER_APPICON_NAME = AppIcon;
				INFOPLIST_FILE = Janela/Info.plist;
				LD_RUNPATH_SEARCH_PATHS = "$(inherited) @executable_path/Frameworks";
				PRODUCT_BUNDLE_IDENTIFIER = br.edu.ifpb.si.pdm.Janela;
				PRODUCT_NAME = "$(TARGET_NAME)";
				SWIFT_VERSION = 3.0;
			};
			name = Debug;
		};
		848C9F731F38D3790096B582 /* Release */ = {
			isa = XCBuildConfiguration;
			buildSettings = {
				ASSETCATALOG_COMPILER_APPICON_NAME = AppIcon;
				INFOPLIST_FILE = Janela/Info.plist;
				LD_RUNPATH_SEARCH_PATHS = "$(inherited) @executable_path/Frameworks";
				PRODUCT_BUNDLE_IDENTIFIER = br.edu.ifpb.si.pdm.Janela;
				PRODUCT_NAME = "$(TARGET_NAME)";
				SWIFT_VERSION = 3.0;
			};
			name = Release;
		};
/* End XCBuildConfiguration section */

/* Begin XCConfigurationList section */
		848C9F5A1F38D3780096B582 /* Build configuration list for PBXProject "Janela" */ = {
			isa = XCConfigurationList;
			buildConfigurations = (
				848C9F6F1F38D3790096B582 /* Debug */,
				848C9F701F38D3790096B582 /* Release */,
			);
			defaultConfigurationIsVisible = 0;
			defaultConfigurationName = Release;
		};
		848C9F711F38D3790096B582 /* Build configuration list for PBXNativeTarget "Janela" */ = {
			isa = XCConfigurationList;
			buildConfigurations = (
				848C9F721F38D3790096B582 /* Debug */,
				848C9F731F38D3790096B582 /* Release */,
			);
			defaultConfigurationIsVisible = 0;
		};
/* End XCConfigurationList section */
	};
	rootObject = 848C9F571F38D3780096B582 /* Project object */;
}
